
Microsoft Visual Studio Solution File, Format Version 12.00
# Visual Studio 15
Project("{FAE04EC0-301F-11D3-BF4B-00C04F79EFBC}") = "VVID", "VVID.csproj", "{8505FB60-12DE-729B-40DA-C8FD70ABD58D}"
EndProject
Project("{FAE04EC0-301F-11D3-BF4B-00C04F79EFBC}") = "VVID.Editor", "VVID.Editor.csproj", "{A34E8759-99A0-67C3-861A-494C8F444A62}"
EndProject
Global
	GlobalSection(SolutionConfigurationPlatforms) = preSolution
		Debug|Any CPU = Debug|Any CPU
		Release|Any CPU = Release|Any CPU
	EndGlobalSection
	GlobalSection(ProjectConfigurationPlatforms) = postSolution
		{8505FB60-12DE-729B-40DA-C8FD70ABD58D}.Debug|Any CPU.ActiveCfg = Debug|Any CPU
		{8505FB60-12DE-729B-40DA-C8FD70ABD58D}.Debug|Any CPU.Build.0 = Debug|Any CPU
		{8505FB60-12DE-729B-40DA-C8FD70ABD58D}.Release|Any CPU.ActiveCfg = Release|Any CPU
		{8505FB60-12DE-729B-40DA-C8FD70ABD58D}.Release|Any CPU.Build.0 = Release|Any CPU
		{A34E8759-99A0-67C3-861A-494C8F444A62}.Debug|Any CPU.ActiveCfg = Debug|Any CPU
		{A34E8759-99A0-67C3-861A-494C8F444A62}.Debug|Any CPU.Build.0 = Debug|Any CPU
		{A34E8759-99A0-67C3-861A-494C8F444A62}.Release|Any CPU.ActiveCfg = Release|Any CPU
		{A34E8759-99A0-67C3-861A-494C8F444A62}.Release|Any CPU.Build.0 = Release|Any CPU
	EndGlobalSection
	GlobalSection(SolutionProperties) = preSolution
		HideSolutionNode = FALSE
	EndGlobalSection
EndGlobal
